
Microsoft Visual Studio Solution File, Format Version 12.00
# Visual Studio Version 17
VisualStudioVersion = 17.5.002.0
MinimumVisualStudioVersion = 10.0.40219.1
Project("{9A19103F-16F7-4668-BE54-9A1E7A4F7556}") = "lf-sample-csharp-script-rules", "sample-rules\lf-sample-csharp-script-rules.csproj", "{CA916DC4-E454-441A-8821-E892CC73AF0A}"
EndProject
Project("{9A19103F-16F7-4668-BE54-9A1E7A4F7556}") = "lf-sample-csharp-script-rules-test", "sample-rules-test\lf-sample-csharp-script-rules-test.csproj", "{EB135131-9566-449D-8D4A-FA170641E736}"
EndProject
Global
	GlobalSection(SolutionConfigurationPlatforms) = preSolution
		Debug|Any CPU = Debug|Any CPU
		Release|Any CPU = Release|Any CPU
	EndGlobalSection
	GlobalSection(ProjectConfigurationPlatforms) = postSolution
		{CA916DC4-E454-441A-8821-E892CC73AF0A}.Debug|Any CPU.ActiveCfg = Debug|Any CPU
		{CA916DC4-E454-441A-8821-E892CC73AF0A}.Debug|Any CPU.Build.0 = Debug|Any CPU
		{CA916DC4-E454-441A-8821-E892CC73AF0A}.Release|Any CPU.ActiveCfg = Release|Any CPU
		{CA916DC4-E454-441A-8821-E892CC73AF0A}.Release|Any CPU.Build.0 = Release|Any CPU
		{EB135131-9566-449D-8D4A-FA170641E736}.Debug|Any CPU.ActiveCfg = Debug|Any CPU
		{EB135131-9566-449D-8D4A-FA170641E736}.Debug|Any CPU.Build.0 = Debug|Any CPU
		{EB135131-9566-449D-8D4A-FA170641E736}.Release|Any CPU.ActiveCfg = Release|Any CPU
		{EB135131-9566-449D-8D4A-FA170641E736}.Release|Any CPU.Build.0 = Release|Any CPU
	EndGlobalSection
	GlobalSection(SolutionProperties) = preSolution
		HideSolutionNode = FALSE
	EndGlobalSection
	GlobalSection(ExtensibilityGlobals) = postSolution
		SolutionGuid = {6BF86448-FC9F-427C-8166-CF47AC0F27F9}
	EndGlobalSection
EndGlobal
